
Microsoft Visual Studio Solution File, Format Version 12.00
# Visual Studio Version 17
VisualStudioVersion = 17.3.32929.385
MinimumVisualStudioVersion = 10.0.40219.1
Project("{888888A0-9F3D-457C-B088-3A5042F75D52}") = "Calculator-IA-16.12.2022", "Ex3-IA-16.12.2022\Calculator-IA-16.12.2022.pyproj", "{7EE4172E-A389-41A4-8988-014E2C241AD9}"
EndProject
Global
	GlobalSection(SolutionConfigurationPlatforms) = preSolution
		Debug|Any CPU = Debug|Any CPU
		Release|Any CPU = Release|Any CPU
	EndGlobalSection
	GlobalSection(ProjectConfigurationPlatforms) = postSolution
		{7EE4172E-A389-41A4-8988-014E2C241AD9}.Debug|Any CPU.ActiveCfg = Debug|Any CPU
		{7EE4172E-A389-41A4-8988-014E2C241AD9}.Release|Any CPU.ActiveCfg = Release|Any CPU
	EndGlobalSection
	GlobalSection(SolutionProperties) = preSolution
		HideSolutionNode = FALSE
	EndGlobalSection
	GlobalSection(ExtensibilityGlobals) = postSolution
		SolutionGuid = {DCA53EB9-0C4D-4D48-8356-5A7E1DCE1EAA}
	EndGlobalSection
EndGlobal
