
Microsoft Visual Studio Solution File, Format Version 12.00
# Visual Studio Version 17
VisualStudioVersion = 17.3.32929.385
MinimumVisualStudioVersion = 10.0.40219.1
Project("{888888A0-9F3D-457C-B088-3A5042F75D52}") = "lab-Inteligenta artificiala IA", "lab-Inteligenta artificiala IA\lab-Inteligenta artificiala IA.pyproj", "{F52046CC-B211-4A5E-B92A-504879ABA9A4}"
EndProject
Global
	GlobalSection(SolutionConfigurationPlatforms) = preSolution
		Debug|Any CPU = Debug|Any CPU
		Release|Any CPU = Release|Any CPU
	EndGlobalSection
	GlobalSection(ProjectConfigurationPlatforms) = postSolution
		{F52046CC-B211-4A5E-B92A-504879ABA9A4}.Debug|Any CPU.ActiveCfg = Debug|Any CPU
		{F52046CC-B211-4A5E-B92A-504879ABA9A4}.Release|Any CPU.ActiveCfg = Release|Any CPU
	EndGlobalSection
	GlobalSection(SolutionProperties) = preSolution
		HideSolutionNode = FALSE
	EndGlobalSection
	GlobalSection(ExtensibilityGlobals) = postSolution
		SolutionGuid = {B4E83515-7A2F-4B9F-90B0-1981128A64E9}
	EndGlobalSection
EndGlobal
